
Microsoft Visual Studio Solution File, Format Version 12.00
# Visual Studio Version 18
VisualStudioVersion = 18.0.11205.157
MinimumVisualStudioVersion = 10.0.40219.1
Project("{FAE04EC0-301F-11D3-BF4B-00C04F79EFBC}") = "DemoTienda.Api", "src\DemoTiendaApiController\DemoTienda.Api.csproj", "{49275B23-A369-4A1C-BA7E-3B9FFD0C9AB5}"
EndProject
Project("{FAE04EC0-301F-11D3-BF4B-00C04F79EFBC}") = "DemoTienda.Domain", "src\DemoTienda.Domain\DemoTienda.Domain.csproj", "{BE46B532-088C-4FF8-9D61-F9F379737A5D}"
EndProject
Project("{FAE04EC0-301F-11D3-BF4B-00C04F79EFBC}") = "DemoTienda.Application", "src\DemoTienda.Application\DemoTienda.Application.csproj", "{4F8590FE-62CD-4D51-8C4A-E27BB7375DCB}"
EndProject
Project("{FAE04EC0-301F-11D3-BF4B-00C04F79EFBC}") = "DemoTienda.Infraestructure", "src\DemoTienda.Infraestructure\DemoTienda.Infraestructure.csproj", "{C17342A3-CAE5-4CB1-990E-8863F66D2387}"
EndProject
Project("{FAE04EC0-301F-11D3-BF4B-00C04F79EFBC}") = "DemoTienda.Migrations", "src\DemoTienda.Migrations\DemoTienda.Migrations.csproj", "{8E290353-83E2-4468-92DD-AC2D6D19633A}"
EndProject
Project("{FAE04EC0-301F-11D3-BF4B-00C04F79EFBC}") = "DemoTienda.Application.Tests", "tests\DemoTienda.Application.Tests\DemoTienda.Application.Tests.csproj", "{77C73161-FB12-4C72-AA76-0B4A448D9457}"
EndProject
Project("{2150E333-8FDC-42A3-9474-1A3956D46DE8}") = "src", "src", "{3BF1EFCB-8434-4349-95CA-600EEB19A49F}"
EndProject
Project("{2150E333-8FDC-42A3-9474-1A3956D46DE8}") = "tests", "tests", "{81BEC5C1-8C5F-470C-9448-DE1CE5006097}"
EndProject
Project("{FAE04EC0-301F-11D3-BF4B-00C04F79EFBC}") = "DemoTienda.Mocks", "tests\DemoTienda.Mocks\DemoTienda.Mocks.csproj", "{E4483CAF-E13F-44E2-B29E-840C923D5B80}"
EndProject
Global
	GlobalSection(SolutionConfigurationPlatforms) = preSolution
		Debug|Any CPU = Debug|Any CPU
		Release|Any CPU = Release|Any CPU
	EndGlobalSection
	GlobalSection(ProjectConfigurationPlatforms) = postSolution
		{49275B23-A369-4A1C-BA7E-3B9FFD0C9AB5}.Debug|Any CPU.ActiveCfg = Debug|Any CPU
		{49275B23-A369-4A1C-BA7E-3B9FFD0C9AB5}.Debug|Any CPU.Build.0 = Debug|Any CPU
		{49275B23-A369-4A1C-BA7E-3B9FFD0C9AB5}.Release|Any CPU.ActiveCfg = Release|Any CPU
		{49275B23-A369-4A1C-BA7E-3B9FFD0C9AB5}.Release|Any CPU.Build.0 = Release|Any CPU
		{BE46B532-088C-4FF8-9D61-F9F379737A5D}.Debug|Any CPU.ActiveCfg = Debug|Any CPU
		{BE46B532-088C-4FF8-9D61-F9F379737A5D}.Debug|Any CPU.Build.0 = Debug|Any CPU
		{BE46B532-088C-4FF8-9D61-F9F379737A5D}.Release|Any CPU.ActiveCfg = Release|Any CPU
		{BE46B532-088C-4FF8-9D61-F9F379737A5D}.Release|Any CPU.Build.0 = Release|Any CPU
		{4F8590FE-62CD-4D51-8C4A-E27BB7375DCB}.Debug|Any CPU.ActiveCfg = Debug|Any CPU
		{4F8590FE-62CD-4D51-8C4A-E27BB7375DCB}.Debug|Any CPU.Build.0 = Debug|Any CPU
		{4F8590FE-62CD-4D51-8C4A-E27BB7375DCB}.Release|Any CPU.ActiveCfg = Release|Any CPU
		{4F8590FE-62CD-4D51-8C4A-E27BB7375DCB}.Release|Any CPU.Build.0 = Release|Any CPU
		{C17342A3-CAE5-4CB1-990E-8863F66D2387}.Debug|Any CPU.ActiveCfg = Debug|Any CPU
		{C17342A3-CAE5-4CB1-990E-8863F66D2387}.Debug|Any CPU.Build.0 = Debug|Any CPU
		{C17342A3-CAE5-4CB1-990E-8863F66D2387}.Release|Any CPU.ActiveCfg = Release|Any CPU
		{C17342A3-CAE5-4CB1-990E-8863F66D2387}.Release|Any CPU.Build.0 = Release|Any CPU
		{8E290353-83E2-4468-92DD-AC2D6D19633A}.Debug|Any CPU.ActiveCfg = Debug|Any CPU
		{8E290353-83E2-4468-92DD-AC2D6D19633A}.Debug|Any CPU.Build.0 = Debug|Any CPU
		{8E290353-83E2-4468-92DD-AC2D6D19633A}.Release|Any CPU.ActiveCfg = Release|Any CPU
		{8E290353-83E2-4468-92DD-AC2D6D19633A}.Release|Any CPU.Build.0 = Release|Any CPU
		{77C73161-FB12-4C72-AA76-0B4A448D9457}.Debug|Any CPU.ActiveCfg = Debug|Any CPU
		{77C73161-FB12-4C72-AA76-0B4A448D9457}.Debug|Any CPU.Build.0 = Debug|Any CPU
		{77C73161-FB12-4C72-AA76-0B4A448D9457}.Release|Any CPU.ActiveCfg = Release|Any CPU
		{77C73161-FB12-4C72-AA76-0B4A448D9457}.Release|Any CPU.Build.0 = Release|Any CPU
		{E4483CAF-E13F-44E2-B29E-840C923D5B80}.Debug|Any CPU.ActiveCfg = Debug|Any CPU
		{E4483CAF-E13F-44E2-B29E-840C923D5B80}.Debug|Any CPU.Build.0 = Debug|Any CPU
		{E4483CAF-E13F-44E2-B29E-840C923D5B80}.Release|Any CPU.ActiveCfg = Release|Any CPU
		{E4483CAF-E13F-44E2-B29E-840C923D5B80}.Release|Any CPU.Build.0 = Release|Any CPU
	EndGlobalSection
	GlobalSection(SolutionProperties) = preSolution
		HideSolutionNode = FALSE
	EndGlobalSection
	GlobalSection(NestedProjects) = preSolution
		{49275B23-A369-4A1C-BA7E-3B9FFD0C9AB5} = {3BF1EFCB-8434-4349-95CA-600EEB19A49F}
		{BE46B532-088C-4FF8-9D61-F9F379737A5D} = {3BF1EFCB-8434-4349-95CA-600EEB19A49F}
		{4F8590FE-62CD-4D51-8C4A-E27BB7375DCB} = {3BF1EFCB-8434-4349-95CA-600EEB19A49F}
		{C17342A3-CAE5-4CB1-990E-8863F66D2387} = {3BF1EFCB-8434-4349-95CA-600EEB19A49F}
		{8E290353-83E2-4468-92DD-AC2D6D19633A} = {3BF1EFCB-8434-4349-95CA-600EEB19A49F}
		{77C73161-FB12-4C72-AA76-0B4A448D9457} = {81BEC5C1-8C5F-470C-9448-DE1CE5006097}
		{E4483CAF-E13F-44E2-B29E-840C923D5B80} = {81BEC5C1-8C5F-470C-9448-DE1CE5006097}
	EndGlobalSection
	GlobalSection(ExtensibilityGlobals) = postSolution
		SolutionGuid = {A3D8D70C-C364-411A-AF5E-A2F7EA84A449}
	EndGlobalSection
EndGlobal
